// !$*UTF8*$!
{
	archiveVersion = 1;
	classes = {
	};
	objectVersion = 46;
	objects = {

/* Begin PBXBuildFile section */
		034F90171EC93C7C00535921 /* PlaylistItemCell.swift in Sources */ = {isa = PBXBuildFile; fileRef = 034F90161EC93C7C00535921 /* PlaylistItemCell.swift */; };
		034F90191EC9420700535921 /* PlaylistDetailsViewController.swift in Sources */ = {isa = PBXBuildFile; fileRef = 034F90181EC9420700535921 /* PlaylistDetailsViewController.swift */; };
		034F901B1EC94C3F00535921 /* PlaylistItemDetailsCell.swift in Sources */ = {isa = PBXBuildFile; fileRef = 034F901A1EC94C3F00535921 /* PlaylistItemDetailsCell.swift */; };
		03B666B21EC8D17600082A36 /* AppDelegate.swift in Sources */ = {isa = PBXBuildFile; fileRef = 03B666B11EC8D17600082A36 /* AppDelegate.swift */; };
		03B666B71EC8D17700082A36 /* Main.storyboard in Resources */ = {isa = PBXBuildFile; fileRef = 03B666B51EC8D17700082A36 /* Main.storyboard */; };
		03B666B91EC8D17700082A36 /* Assets.xcassets in Resources */ = {isa = PBXBuildFile; fileRef = 03B666B81EC8D17700082A36 /* Assets.xcassets */; };
		03B666BC1EC8D17700082A36 /* LaunchScreen.storyboard in Resources */ = {isa = PBXBuildFile; fileRef = 03B666BA1EC8D17700082A36 /* LaunchScreen.storyboard */; };
		03B666C71EC8D17900082A36 /* Gigigo_YouTubeTests.swift in Sources */ = {isa = PBXBuildFile; fileRef = 03B666C61EC8D17900082A36 /* Gigigo_YouTubeTests.swift */; };
		03EC06321EC8FA36001B0D7D /* PlaylistsList.swift in Sources */ = {isa = PBXBuildFile; fileRef = 03EC06311EC8FA36001B0D7D /* PlaylistsList.swift */; };
		03EC06341EC8FA5D001B0D7D /* PlaylistItem.swift in Sources */ = {isa = PBXBuildFile; fileRef = 03EC06331EC8FA5D001B0D7D /* PlaylistItem.swift */; };
		03EC06361EC8FA6F001B0D7D /* PlayList.swift in Sources */ = {isa = PBXBuildFile; fileRef = 03EC06351EC8FA6F001B0D7D /* PlayList.swift */; };
		03EC06381EC8FA82001B0D7D /* Video.swift in Sources */ = {isa = PBXBuildFile; fileRef = 03EC06371EC8FA82001B0D7D /* Video.swift */; };
		03EC063A1EC8FA8B001B0D7D /* Thumbnails.swift in Sources */ = {isa = PBXBuildFile; fileRef = 03EC06391EC8FA8B001B0D7D /* Thumbnails.swift */; };
		03EC063E1EC8FB94001B0D7D /* BaseAPI.swift in Sources */ = {isa = PBXBuildFile; fileRef = 03EC063D1EC8FB94001B0D7D /* BaseAPI.swift */; };
		03EC06411EC8FF4B001B0D7D /* UserPlaylistsViewController.swift in Sources */ = {isa = PBXBuildFile; fileRef = 03EC06401EC8FF4B001B0D7D /* UserPlaylistsViewController.swift */; };
		19C0E817ABC7C07B4FA17C85 /* Pods_Gigigo_YouTube.framework in Frameworks */ = {isa = PBXBuildFile; fileRef = 644C00DA091D63FD976596C0 /* Pods_Gigigo_YouTube.framework */; };
		1DD1D8A61EC9E5500093934A /* playlists.json in Resources */ = {isa = PBXBuildFile; fileRef = 1DD1D8A51EC9E5500093934A /* playlists.json */; };
		1DD1D8A81EC9FC1F0093934A /* playlist.json in Resources */ = {isa = PBXBuildFile; fileRef = 1DD1D8A71EC9FC1F0093934A /* playlist.json */; };
		E4A78E50D970C97CFF559FED /* Pods_Gigigo_YouTubeTests.framework in Frameworks */ = {isa = PBXBuildFile; fileRef = 6F7988DF6843E3C49D48D3B9 /* Pods_Gigigo_YouTubeTests.framework */; };
/* End PBXBuildFile section */

/* Begin PBXContainerItemProxy section */
		03B666C31EC8D17900082A36 /* PBXContainerItemProxy */ = {
			isa = PBXContainerItemProxy;
			containerPortal = 03B666A61EC8D17500082A36 /* Project object */;
			proxyType = 1;
			remoteGlobalIDString = 03B666AD1EC8D17500082A36;
			remoteInfo = "Gigigo-YouTube";
		};
/* End PBXContainerItemProxy section */

/* Begin PBXFileReference section */
		0080CD7F5CC95043BA85F1BA /* Pods-Gigigo-YouTube.release.xcconfig */ = {isa = PBXFileReference; includeInIndex = 1; lastKnownFileType = text.xcconfig; name = "Pods-Gigigo-YouTube.release.xcconfig"; path = "Pods/Target Support Files/Pods-Gigigo-YouTube/Pods-Gigigo-YouTube.release.xcconfig"; sourceTree = "<group>"; };
		034F90161EC93C7C00535921 /* PlaylistItemCell.swift */ = {isa = PBXFileReference; fileEncoding = 4; lastKnownFileType = sourcecode.swift; path = PlaylistItemCell.swift; sourceTree = "<group>"; };
		034F90181EC9420700535921 /* PlaylistDetailsViewController.swift */ = {isa = PBXFileReference; fileEncoding = 4; lastKnownFileType = sourcecode.swift; path = PlaylistDetailsViewController.swift; sourceTree = "<group>"; };
		034F901A1EC94C3F00535921 /* PlaylistItemDetailsCell.swift */ = {isa = PBXFileReference; fileEncoding = 4; lastKnownFileType = sourcecode.swift; path = PlaylistItemDetailsCell.swift; sourceTree = "<group>"; };
		03B666AE1EC8D17500082A36 /* Gigigo-YouTube.app */ = {isa = PBXFileReference; explicitFileType = wrapper.application; includeInIndex = 0; path = "Gigigo-YouTube.app"; sourceTree = BUILT_PRODUCTS_DIR; };
		03B666B11EC8D17600082A36 /* AppDelegate.swift */ = {isa = PBXFileReference; lastKnownFileType = sourcecode.swift; path = AppDelegate.swift; sourceTree = "<group>"; };
		03B666B61EC8D17700082A36 /* Base */ = {isa = PBXFileReference; lastKnownFileType = file.storyboard; name = Base; path = Base.lproj/Main.storyboard; sourceTree = "<group>"; };
		03B666B81EC8D17700082A36 /* Assets.xcassets */ = {isa = PBXFileReference; lastKnownFileType = folder.assetcatalog; path = Assets.xcassets; sourceTree = "<group>"; };
		03B666BB1EC8D17700082A36 /* Base */ = {isa = PBXFileReference; lastKnownFileType = file.storyboard; name = Base; path = Base.lproj/LaunchScreen.storyboard; sourceTree = "<group>"; };
		03B666BD1EC8D17700082A36 /* Info.plist */ = {isa = PBXFileReference; lastKnownFileType = text.plist.xml; path = Info.plist; sourceTree = "<group>"; };
		03B666C21EC8D17900082A36 /* Gigigo-YouTubeTests.xctest */ = {isa = PBXFileReference; explicitFileType = wrapper.cfbundle; includeInIndex = 0; path = "Gigigo-YouTubeTests.xctest"; sourceTree = BUILT_PRODUCTS_DIR; };
		03B666C61EC8D17900082A36 /* Gigigo_YouTubeTests.swift */ = {isa = PBXFileReference; lastKnownFileType = sourcecode.swift; path = Gigigo_YouTubeTests.swift; sourceTree = "<group>"; };
		03B666C81EC8D17900082A36 /* Info.plist */ = {isa = PBXFileReference; lastKnownFileType = text.plist.xml; path = Info.plist; sourceTree = "<group>"; };
		03EC06311EC8FA36001B0D7D /* PlaylistsList.swift */ = {isa = PBXFileReference; fileEncoding = 4; lastKnownFileType = sourcecode.swift; path = PlaylistsList.swift; sourceTree = "<group>"; };
		03EC06331EC8FA5D001B0D7D /* PlaylistItem.swift */ = {isa = PBXFileReference; fileEncoding = 4; lastKnownFileType = sourcecode.swift; path = PlaylistItem.swift; sourceTree = "<group>"; };
		03EC06351EC8FA6F001B0D7D /* PlayList.swift */ = {isa = PBXFileReference; fileEncoding = 4; lastKnownFileType = sourcecode.swift; path = PlayList.swift; sourceTree = "<group>"; };
		03EC06371EC8FA82001B0D7D /* Video.swift */ = {isa = PBXFileReference; fileEncoding = 4; lastKnownFileType = sourcecode.swift; path = Video.swift; sourceTree = "<group>"; };
		03EC06391EC8FA8B001B0D7D /* Thumbnails.swift */ = {isa = PBXFileReference; fileEncoding = 4; lastKnownFileType = sourcecode.swift; path = Thumbnails.swift; sourceTree = "<group>"; };
		03EC063D1EC8FB94001B0D7D /* BaseAPI.swift */ = {isa = PBXFileReference; fileEncoding = 4; lastKnownFileType = sourcecode.swift; path = BaseAPI.swift; sourceTree = "<group>"; };
		03EC06401EC8FF4B001B0D7D /* UserPlaylistsViewController.swift */ = {isa = PBXFileReference; fileEncoding = 4; lastKnownFileType = sourcecode.swift; path = UserPlaylistsViewController.swift; sourceTree = "<group>"; };
		1DD1D8A51EC9E5500093934A /* playlists.json */ = {isa = PBXFileReference; fileEncoding = 4; lastKnownFileType = text.json; path = playlists.json; sourceTree = "<group>"; };
		1DD1D8A71EC9FC1F0093934A /* playlist.json */ = {isa = PBXFileReference; fileEncoding = 4; lastKnownFileType = text.json; path = playlist.json; sourceTree = "<group>"; };
		4FB7623DE146093A77D9E52C /* Pods-Gigigo-YouTubeTests.debug.xcconfig */ = {isa = PBXFileReference; includeInIndex = 1; lastKnownFileType = text.xcconfig; name = "Pods-Gigigo-YouTubeTests.debug.xcconfig"; path = "Pods/Target Support Files/Pods-Gigigo-YouTubeTests/Pods-Gigigo-YouTubeTests.debug.xcconfig"; sourceTree = "<group>"; };
		644C00DA091D63FD976596C0 /* Pods_Gigigo_YouTube.framework */ = {isa = PBXFileReference; explicitFileType = wrapper.framework; includeInIndex = 0; path = Pods_Gigigo_YouTube.framework; sourceTree = BUILT_PRODUCTS_DIR; };
		6F7988DF6843E3C49D48D3B9 /* Pods_Gigigo_YouTubeTests.framework */ = {isa = PBXFileReference; explicitFileType = wrapper.framework; includeInIndex = 0; path = Pods_Gigigo_YouTubeTests.framework; sourceTree = BUILT_PRODUCTS_DIR; };
		D8009F81A9D6774503F58ADD /* Pods-Gigigo-YouTube.debug.xcconfig */ = {isa = PBXFileReference; includeInIndex = 1; lastKnownFileType = text.xcconfig; name = "Pods-Gigigo-YouTube.debug.xcconfig"; path = "Pods/Target Support Files/Pods-Gigigo-YouTube/Pods-Gigigo-YouTube.debug.xcconfig"; sourceTree = "<group>"; };
		E2058C304A209C7AFA9893DC /* Pods-Gigigo-YouTubeTests.release.xcconfig */ = {isa = PBXFileReference; includeInIndex = 1; lastKnownFileType = text.xcconfig; name = "Pods-Gigigo-YouTubeTests.release.xcconfig"; path = "Pods/Target Support Files/Pods-Gigigo-YouTubeTests/Pods-Gigigo-YouTubeTests.release.xcconfig"; sourceTree = "<group>"; };
/* End PBXFileReference section */

/* Begin PBXFrameworksBuildPhase section */
		03B666AB1EC8D17500082A36 /* Frameworks */ = {
			isa = PBXFrameworksBuildPhase;
			buildActionMask = 2147483647;
			files = (
				19C0E817ABC7C07B4FA17C85 /* Pods_Gigigo_YouTube.framework in Frameworks */,
			);
			runOnlyForDeploymentPostprocessing = 0;
		};
		03B666BF1EC8D17900082A36 /* Frameworks */ = {
			isa = PBXFrameworksBuildPhase;
			buildActionMask = 2147483647;
			files = (
				E4A78E50D970C97CFF559FED /* Pods_Gigigo_YouTubeTests.framework in Frameworks */,
			);
			runOnlyForDeploymentPostprocessing = 0;
		};
/* End PBXFrameworksBuildPhase section */

/* Begin PBXGroup section */
		03B666A51EC8D17400082A36 = {
			isa = PBXGroup;
			children = (
				03B666B01EC8D17600082A36 /* Gigigo-YouTube */,
				03B666C51EC8D17900082A36 /* Gigigo-YouTubeTests */,
				03B666AF1EC8D17500082A36 /* Products */,
				7B0BB24F183D409EDC279158 /* Pods */,
				0527EBFDB892EDD7A6E42296 /* Frameworks */,
			);
			sourceTree = "<group>";
		};
		03B666AF1EC8D17500082A36 /* Products */ = {
			isa = PBXGroup;
			children = (
				03B666AE1EC8D17500082A36 /* Gigigo-YouTube.app */,
				03B666C21EC8D17900082A36 /* Gigigo-YouTubeTests.xctest */,
			);
			name = Products;
			sourceTree = "<group>";
		};
		03B666B01EC8D17600082A36 /* Gigigo-YouTube */ = {
			isa = PBXGroup;
			children = (
				03EC063F1EC8FF18001B0D7D /* Controllers */,
				03EC063C1EC8FB6E001B0D7D /* API */,
				03EC062D1EC8D7F7001B0D7D /* Models */,
				03B666B11EC8D17600082A36 /* AppDelegate.swift */,
				03B666B51EC8D17700082A36 /* Main.storyboard */,
				03B666B81EC8D17700082A36 /* Assets.xcassets */,
				03B666BA1EC8D17700082A36 /* LaunchScreen.storyboard */,
				03B666BD1EC8D17700082A36 /* Info.plist */,
			);
			path = "Gigigo-YouTube";
			sourceTree = "<group>";
		};
		03B666C51EC8D17900082A36 /* Gigigo-YouTubeTests */ = {
			isa = PBXGroup;
			children = (
				03B666C61EC8D17900082A36 /* Gigigo_YouTubeTests.swift */,
				03B666C81EC8D17900082A36 /* Info.plist */,
				1DD1D8A51EC9E5500093934A /* playlists.json */,
				1DD1D8A71EC9FC1F0093934A /* playlist.json */,
			);
			path = "Gigigo-YouTubeTests";
			sourceTree = "<group>";
		};
		03EC062D1EC8D7F7001B0D7D /* Models */ = {
			isa = PBXGroup;
			children = (
				03EC06311EC8FA36001B0D7D /* PlaylistsList.swift */,
				03EC06331EC8FA5D001B0D7D /* PlaylistItem.swift */,
				03EC06351EC8FA6F001B0D7D /* PlayList.swift */,
				03EC06371EC8FA82001B0D7D /* Video.swift */,
				03EC06391EC8FA8B001B0D7D /* Thumbnails.swift */,
			);
			path = Models;
			sourceTree = "<group>";
		};
		03EC063C1EC8FB6E001B0D7D /* API */ = {
			isa = PBXGroup;
			children = (
				03EC063D1EC8FB94001B0D7D /* BaseAPI.swift */,
			);
			path = API;
			sourceTree = "<group>";
		};
		03EC063F1EC8FF18001B0D7D /* Controllers */ = {
			isa = PBXGroup;
			children = (
				034F90161EC93C7C00535921 /* PlaylistItemCell.swift */,
				034F901A1EC94C3F00535921 /* PlaylistItemDetailsCell.swift */,
				03EC06401EC8FF4B001B0D7D /* UserPlaylistsViewController.swift */,
				034F90181EC9420700535921 /* PlaylistDetailsViewController.swift */,
			);
			path = Controllers;
			sourceTree = "<group>";
		};
		0527EBFDB892EDD7A6E42296 /* Frameworks */ = {
			isa = PBXGroup;
			children = (
				644C00DA091D63FD976596C0 /* Pods_Gigigo_YouTube.framework */,
				6F7988DF6843E3C49D48D3B9 /* Pods_Gigigo_YouTubeTests.framework */,
			);
			name = Frameworks;
			sourceTree = "<group>";
		};
		7B0BB24F183D409EDC279158 /* Pods */ = {
			isa = PBXGroup;
			children = (
				D8009F81A9D6774503F58ADD /* Pods-Gigigo-YouTube.debug.xcconfig */,
				0080CD7F5CC95043BA85F1BA /* Pods-Gigigo-YouTube.release.xcconfig */,
				4FB7623DE146093A77D9E52C /* Pods-Gigigo-YouTubeTests.debug.xcconfig */,
				E2058C304A209C7AFA9893DC /* Pods-Gigigo-YouTubeTests.release.xcconfig */,
			);
			name = Pods;
			sourceTree = "<group>";
		};
/* End PBXGroup section */

/* Begin PBXNativeTarget section */
		03B666AD1EC8D17500082A36 /* Gigigo-YouTube */ = {
			isa = PBXNativeTarget;
			buildConfigurationList = 03B666CB1EC8D17900082A36 /* Build configuration list for PBXNativeTarget "Gigigo-YouTube" */;
			buildPhases = (
				B327016CE6F14258E2523937 /* [CP] Check Pods Manifest.lock */,
				03B666AA1EC8D17500082A36 /* Sources */,
				03B666AB1EC8D17500082A36 /* Frameworks */,
				03B666AC1EC8D17500082A36 /* Resources */,
				EC66B6B9BFECBFF7DE6E5CAC /* [CP] Embed Pods Frameworks */,
				EE516FAF314CDCF135826D87 /* [CP] Copy Pods Resources */,
				03EC06301EC8DB28001B0D7D /* SwiftLint */,
			);
			buildRules = (
			);
			dependencies = (
			);
			name = "Gigigo-YouTube";
			productName = "Gigigo-YouTube";
			productReference = 03B666AE1EC8D17500082A36 /* Gigigo-YouTube.app */;
			productType = "com.apple.product-type.application";
		};
		03B666C11EC8D17900082A36 /* Gigigo-YouTubeTests */ = {
			isa = PBXNativeTarget;
			buildConfigurationList = 03B666CE1EC8D17900082A36 /* Build configuration list for PBXNativeTarget "Gigigo-YouTubeTests" */;
			buildPhases = (
				E45E0F98A075E7ED092F8812 /* [CP] Check Pods Manifest.lock */,
				03B666BE1EC8D17900082A36 /* Sources */,
				03B666BF1EC8D17900082A36 /* Frameworks */,
				03B666C01EC8D17900082A36 /* Resources */,
				A56C539836251FEE698D96DB /* [CP] Embed Pods Frameworks */,
				196A053D8437B1023CACF737 /* [CP] Copy Pods Resources */,
			);
			buildRules = (
			);
			dependencies = (
				03B666C41EC8D17900082A36 /* PBXTargetDependency */,
			);
			name = "Gigigo-YouTubeTests";
			productName = "Gigigo-YouTubeTests";
			productReference = 03B666C21EC8D17900082A36 /* Gigigo-YouTubeTests.xctest */;
			productType = "com.apple.product-type.bundle.unit-test";
		};
/* End PBXNativeTarget section */

/* Begin PBXProject section */
		03B666A61EC8D17500082A36 /* Project object */ = {
			isa = PBXProject;
			attributes = {
				LastSwiftUpdateCheck = 0830;
				LastUpgradeCheck = 0830;
				ORGANIZATIONNAME = Aya;
				TargetAttributes = {
					03B666AD1EC8D17500082A36 = {
						CreatedOnToolsVersion = 8.3.1;
						DevelopmentTeam = V477Q9C9J7;
						ProvisioningStyle = Automatic;
					};
					03B666C11EC8D17900082A36 = {
						CreatedOnToolsVersion = 8.3.1;
						ProvisioningStyle = Automatic;
						TestTargetID = 03B666AD1EC8D17500082A36;
					};
				};
			};
			buildConfigurationList = 03B666A91EC8D17500082A36 /* Build configuration list for PBXProject "Gigigo-YouTube" */;
			compatibilityVersion = "Xcode 3.2";
			developmentRegion = English;
			hasScannedForEncodings = 0;
			knownRegions = (
				en,
				Base,
			);
			mainGroup = 03B666A51EC8D17400082A36;
			productRefGroup = 03B666AF1EC8D17500082A36 /* Products */;
			projectDirPath = "";
			projectRoot = "";
			targets = (
				03B666AD1EC8D17500082A36 /* Gigigo-YouTube */,
				03B666C11EC8D17900082A36 /* Gigigo-YouTubeTests */,
			);
		};
/* End PBXProject section */

/* Begin PBXResourcesBuildPhase section */
		03B666AC1EC8D17500082A36 /* Resources */ = {
			isa = PBXResourcesBuildPhase;
			buildActionMask = 2147483647;
			files = (
				03B666BC1EC8D17700082A36 /* LaunchScreen.storyboard in Resources */,
				03B666B91EC8D17700082A36 /* Assets.xcassets in Resources */,
				03B666B71EC8D17700082A36 /* Main.storyboard in Resources */,
			);
			runOnlyForDeploymentPostprocessing = 0;
		};
		03B666C01EC8D17900082A36 /* Resources */ = {
			isa = PBXResourcesBuildPhase;
			buildActionMask = 2147483647;
			files = (
				1DD1D8A81EC9FC1F0093934A /* playlist.json in Resources */,
				1DD1D8A61EC9E5500093934A /* playlists.json in Resources */,
			);
			runOnlyForDeploymentPostprocessing = 0;
		};
/* End PBXResourcesBuildPhase section */

/* Begin PBXShellScriptBuildPhase section */
		03EC06301EC8DB28001B0D7D /* SwiftLint */ = {
			isa = PBXShellScriptBuildPhase;
			buildActionMask = 2147483647;
			files = (
			);
			inputPaths = (
			);
			name = SwiftLint;
			outputPaths = (
			);
			runOnlyForDeploymentPostprocessing = 0;
			shellPath = /bin/sh;
			shellScript = "\"${PODS_ROOT}/SwiftLint/swiftlint\"";
		};
		196A053D8437B1023CACF737 /* [CP] Copy Pods Resources */ = {
			isa = PBXShellScriptBuildPhase;
			buildActionMask = 2147483647;
			files = (
			);
			inputPaths = (
			);
			name = "[CP] Copy Pods Resources";
			outputPaths = (
			);
			runOnlyForDeploymentPostprocessing = 0;
			shellPath = /bin/sh;
			shellScript = "\"${SRCROOT}/Pods/Target Support Files/Pods-Gigigo-YouTubeTests/Pods-Gigigo-YouTubeTests-resources.sh\"\n";
			showEnvVarsInLog = 0;
		};
		A56C539836251FEE698D96DB /* [CP] Embed Pods Frameworks */ = {
			isa = PBXShellScriptBuildPhase;
			buildActionMask = 2147483647;
			files = (
			);
			inputPaths = (
			);
			name = "[CP] Embed Pods Frameworks";
			outputPaths = (
			);
			runOnlyForDeploymentPostprocessing = 0;
			shellPath = /bin/sh;
			shellScript = "\"${SRCROOT}/Pods/Target Support Files/Pods-Gigigo-YouTubeTests/Pods-Gigigo-YouTubeTests-frameworks.sh\"\n";
			showEnvVarsInLog = 0;
		};
		B327016CE6F14258E2523937 /* [CP] Check Pods Manifest.lock */ = {
			isa = PBXShellScriptBuildPhase;
			buildActionMask = 2147483647;
			files = (
			);
			inputPaths = (
			);
			name = "[CP] Check Pods Manifest.lock";
			outputPaths = (
			);
			runOnlyForDeploymentPostprocessing = 0;
			shellPath = /bin/sh;
			shellScript = "diff \"${PODS_PODFILE_DIR_PATH}/Podfile.lock\" \"${PODS_ROOT}/Manifest.lock\" > /dev/null\nif [ $? != 0 ] ; then\n    # print error to STDERR\n    echo \"error: The sandbox is not in sync with the Podfile.lock. Run 'pod install' or update your CocoaPods installation.\" >&2\n    exit 1\nfi\n";
			showEnvVarsInLog = 0;
		};
		E45E0F98A075E7ED092F8812 /* [CP] Check Pods Manifest.lock */ = {
			isa = PBXShellScriptBuildPhase;
			buildActionMask = 2147483647;
			files = (
			);
			inputPaths = (
			);
			name = "[CP] Check Pods Manifest.lock";
			outputPaths = (
			);
			runOnlyForDeploymentPostprocessing = 0;
			shellPath = /bin/sh;
			shellScript = "diff \"${PODS_PODFILE_DIR_PATH}/Podfile.lock\" \"${PODS_ROOT}/Manifest.lock\" > /dev/null\nif [ $? != 0 ] ; then\n    # print error to STDERR\n    echo \"error: The sandbox is not in sync with the Podfile.lock. Run 'pod install' or update your CocoaPods installation.\" >&2\n    exit 1\nfi\n";
			showEnvVarsInLog = 0;
		};
		EC66B6B9BFECBFF7DE6E5CAC /* [CP] Embed Pods Frameworks */ = {
			isa = PBXShellScriptBuildPhase;
			buildActionMask = 2147483647;
			files = (
			);
			inputPaths = (
			);
			name = "[CP] Embed Pods Frameworks";
			outputPaths = (
			);
			runOnlyForDeploymentPostprocessing = 0;
			shellPath = /bin/sh;
			shellScript = "\"${SRCROOT}/Pods/Target Support Files/Pods-Gigigo-YouTube/Pods-Gigigo-YouTube-frameworks.sh\"\n";
			showEnvVarsInLog = 0;
		};
		EE516FAF314CDCF135826D87 /* [CP] Copy Pods Resources */ = {
			isa = PBXShellScriptBuildPhase;
			buildActionMask = 2147483647;
			files = (
			);
			inputPaths = (
			);
			name = "[CP] Copy Pods Resources";
			outputPaths = (
			);
			runOnlyForDeploymentPostprocessing = 0;
			shellPath = /bin/sh;
			shellScript = "\"${SRCROOT}/Pods/Target Support Files/Pods-Gigigo-YouTube/Pods-Gigigo-YouTube-resources.sh\"\n";
			showEnvVarsInLog = 0;
		};
/* End PBXShellScriptBuildPhase section */

/* Begin PBXSourcesBuildPhase section */
		03B666AA1EC8D17500082A36 /* Sources */ = {
			isa = PBXSourcesBuildPhase;
			buildActionMask = 2147483647;
			files = (
				034F90191EC9420700535921 /* PlaylistDetailsViewController.swift in Sources */,
				03EC063A1EC8FA8B001B0D7D /* Thumbnails.swift in Sources */,
				034F90171EC93C7C00535921 /* PlaylistItemCell.swift in Sources */,
				03EC06411EC8FF4B001B0D7D /* UserPlaylistsViewController.swift in Sources */,
				03EC06341EC8FA5D001B0D7D /* PlaylistItem.swift in Sources */,
				03EC06361EC8FA6F001B0D7D /* PlayList.swift in Sources */,
				03B666B21EC8D17600082A36 /* AppDelegate.swift in Sources */,
				03EC063E1EC8FB94001B0D7D /* BaseAPI.swift in Sources */,
				03EC06381EC8FA82001B0D7D /* Video.swift in Sources */,
				03EC06321EC8FA36001B0D7D /* PlaylistsList.swift in Sources */,
				034F901B1EC94C3F00535921 /* PlaylistItemDetailsCell.swift in Sources */,
			);
			runOnlyForDeploymentPostprocessing = 0;
		};
		03B666BE1EC8D17900082A36 /* Sources */ = {
			isa = PBXSourcesBuildPhase;
			buildActionMask = 2147483647;
			files = (
				03B666C71EC8D17900082A36 /* Gigigo_YouTubeTests.swift in Sources */,
			);
			runOnlyForDeploymentPostprocessing = 0;
		};
/* End PBXSourcesBuildPhase section */

/* Begin PBXTargetDependency section */
		03B666C41EC8D17900082A36 /* PBXTargetDependency */ = {
			isa = PBXTargetDependency;
			target = 03B666AD1EC8D17500082A36 /* Gigigo-YouTube */;
			targetProxy = 03B666C31EC8D17900082A36 /* PBXContainerItemProxy */;
		};
/* End PBXTargetDependency section */

/* Begin PBXVariantGroup section */
		03B666B51EC8D17700082A36 /* Main.storyboard */ = {
			isa = PBXVariantGroup;
			children = (
				03B666B61EC8D17700082A36 /* Base */,
			);
			name = Main.storyboard;
			sourceTree = "<group>";
		};
		03B666BA1EC8D17700082A36 /* LaunchScreen.storyboard */ = {
			isa = PBXVariantGroup;
			children = (
				03B666BB1EC8D17700082A36 /* Base */,
			);
			name = LaunchScreen.storyboard;
			sourceTree = "<group>";
		};
/* End PBXVariantGroup section */

/* Begin XCBuildConfiguration section */
		03B666C91EC8D17900082A36 /* Debug */ = {
			isa = XCBuildConfiguration;
			buildSettings = {
				ALWAYS_SEARCH_USER_PATHS = NO;
				CLANG_ANALYZER_NONNULL = YES;
				CLANG_ANALYZER_NUMBER_OBJECT_CONVERSION = YES_AGGRESSIVE;
				CLANG_CXX_LANGUAGE_STANDARD = "gnu++0x";
				CLANG_CXX_LIBRARY = "libc++";
				CLANG_ENABLE_MODULES = YES;
				CLANG_ENABLE_OBJC_ARC = YES;
				CLANG_WARN_BOOL_CONVERSION = YES;
				CLANG_WARN_CONSTANT_CONVERSION = YES;
				CLANG_WARN_DIRECT_OBJC_ISA_USAGE = YES_ERROR;
				CLANG_WARN_DOCUMENTATION_COMMENTS = YES;
				CLANG_WARN_EMPTY_BODY = YES;
				CLANG_WARN_ENUM_CONVERSION = YES;
				CLANG_WARN_INFINITE_RECURSION = YES;
				CLANG_WARN_INT_CONVERSION = YES;
				CLANG_WARN_OBJC_ROOT_CLASS = YES_ERROR;
				CLANG_WARN_SUSPICIOUS_MOVE = YES;
				CLANG_WARN_UNREACHABLE_CODE = YES;
				CLANG_WARN__DUPLICATE_METHOD_MATCH = YES;
				"CODE_SIGN_IDENTITY[sdk=iphoneos*]" = "iPhone Developer";
				COPY_PHASE_STRIP = NO;
				DEBUG_INFORMATION_FORMAT = dwarf;
				ENABLE_STRICT_OBJC_MSGSEND = YES;
				ENABLE_TESTABILITY = YES;
				GCC_C_LANGUAGE_STANDARD = gnu99;
				GCC_DYNAMIC_NO_PIC = NO;
				GCC_NO_COMMON_BLOCKS = YES;
				GCC_OPTIMIZATION_LEVEL = 0;
				GCC_PREPROCESSOR_DEFINITIONS = (
					"DEBUG=1",
					"$(inherited)",
				);
				GCC_WARN_64_TO_32_BIT_CONVERSION = YES;
				GCC_WARN_ABOUT_RETURN_TYPE = YES_ERROR;
				GCC_WARN_UNDECLARED_SELECTOR = YES;
				GCC_WARN_UNINITIALIZED_AUTOS = YES_AGGRESSIVE;
				GCC_WARN_UNUSED_FUNCTION = YES;
				GCC_WARN_UNUSED_VARIABLE = YES;
				IPHONEOS_DEPLOYMENT_TARGET = 9.0;
				MTL_ENABLE_DEBUG_INFO = YES;
				ONLY_ACTIVE_ARCH = YES;
				SDKROOT = iphoneos;
				SWIFT_ACTIVE_COMPILATION_CONDITIONS = DEBUG;
				SWIFT_OPTIMIZATION_LEVEL = "-Onone";
			};
			name = Debug;
		};
		03B666CA1EC8D17900082A36 /* Release */ = {
			isa = XCBuildConfiguration;
			buildSettings = {
				ALWAYS_SEARCH_USER_PATHS = NO;
				CLANG_ANALYZER_NONNULL = YES;
				CLANG_ANALYZER_NUMBER_OBJECT_CONVERSION = YES_AGGRESSIVE;
				CLANG_CXX_LANGUAGE_STANDARD = "gnu++0x";
				CLANG_CXX_LIBRARY = "libc++";
				CLANG_ENABLE_MODULES = YES;
				CLANG_ENABLE_OBJC_ARC = YES;
				CLANG_WARN_BOOL_CONVERSION = YES;
				CLANG_WARN_CONSTANT_CONVERSION = YES;
				CLANG_WARN_DIRECT_OBJC_ISA_USAGE = YES_ERROR;
				CLANG_WARN_DOCUMENTATION_COMMENTS = YES;
				CLANG_WARN_EMPTY_BODY = YES;
				CLANG_WARN_ENUM_CONVERSION = YES;
				CLANG_WARN_INFINITE_RECURSION = YES;
				CLANG_WARN_INT_CONVERSION = YES;
				CLANG_WARN_OBJC_ROOT_CLASS = YES_ERROR;
				CLANG_WARN_SUSPICIOUS_MOVE = YES;
				CLANG_WARN_UNREACHABLE_CODE = YES;
				CLANG_WARN__DUPLICATE_METHOD_MATCH = YES;
				"CODE_SIGN_IDENTITY[sdk=iphoneos*]" = "iPhone Developer";
				COPY_PHASE_STRIP = NO;
				DEBUG_INFORMATION_FORMAT = "dwarf-with-dsym";
				ENABLE_NS_ASSERTIONS = NO;
				ENABLE_STRICT_OBJC_MSGSEND = YES;
				GCC_C_LANGUAGE_STANDARD = gnu99;
				GCC_NO_COMMON_BLOCKS = YES;
				GCC_WARN_64_TO_32_BIT_CONVERSION = YES;
				GCC_WARN_ABOUT_RETURN_TYPE = YES_ERROR;
				GCC_WARN_UNDECLARED_SELECTOR = YES;
				GCC_WARN_UNINITIALIZED_AUTOS = YES_AGGRESSIVE;
				GCC_WARN_UNUSED_FUNCTION = YES;
				GCC_WARN_UNUSED_VARIABLE = YES;
				IPHONEOS_DEPLOYMENT_TARGET = 9.0;
				MTL_ENABLE_DEBUG_INFO = NO;
				SDKROOT = iphoneos;
				SWIFT_OPTIMIZATION_LEVEL = "-Owholemodule";
				VALIDATE_PRODUCT = YES;
			};
			name = Release;
		};
		03B666CC1EC8D17900082A36 /* Debug */ = {
			isa = XCBuildConfiguration;
			baseConfigurationReference = D8009F81A9D6774503F58ADD /* Pods-Gigigo-YouTube.debug.xcconfig */;
			buildSettings = {
				ASSETCATALOG_COMPILER_APPICON_NAME = AppIcon;
				DEVELOPMENT_TEAM = V477Q9C9J7;
				INFOPLIST_FILE = "Gigigo-YouTube/Info.plist";
				LD_RUNPATH_SEARCH_PATHS = "$(inherited) @executable_path/Frameworks";
				PRODUCT_BUNDLE_IDENTIFIER = "bienemann.me.Gigigo-YouTube";
				PRODUCT_NAME = "$(TARGET_NAME)";
				SWIFT_VERSION = 3.0;
			};
			name = Debug;
		};
		03B666CD1EC8D17900082A36 /* Release */ = {
			isa = XCBuildConfiguration;
			baseConfigurationReference = 0080CD7F5CC95043BA85F1BA /* Pods-Gigigo-YouTube.release.xcconfig */;
			buildSettings = {
				ASSETCATALOG_COMPILER_APPICON_NAME = AppIcon;
				DEVELOPMENT_TEAM = V477Q9C9J7;
				INFOPLIST_FILE = "Gigigo-YouTube/Info.plist";
				LD_RUNPATH_SEARCH_PATHS = "$(inherited) @executable_path/Frameworks";
				PRODUCT_BUNDLE_IDENTIFIER = "bienemann.me.Gigigo-YouTube";
				PRODUCT_NAME = "$(TARGET_NAME)";
				SWIFT_VERSION = 3.0;
			};
			name = Release;
		};
		03B666CF1EC8D17900082A36 /* Debug */ = {
			isa = XCBuildConfiguration;
			baseConfigurationReference = 4FB7623DE146093A77D9E52C /* Pods-Gigigo-YouTubeTests.debug.xcconfig */;
			buildSettings = {
				ALWAYS_EMBED_SWIFT_STANDARD_LIBRARIES = YES;
				BUNDLE_LOADER = "$(TEST_HOST)";
				INFOPLIST_FILE = "Gigigo-YouTubeTests/Info.plist";
				LD_RUNPATH_SEARCH_PATHS = "$(inherited) @executable_path/Frameworks @loader_path/Frameworks";
				PRODUCT_BUNDLE_IDENTIFIER = "bienemann.me.Gigigo-YouTubeTests";
				PRODUCT_NAME = "$(TARGET_NAME)";
				SWIFT_VERSION = 3.0;
				TEST_HOST = "$(BUILT_PRODUCTS_DIR)/Gigigo-YouTube.app/Gigigo-YouTube";
			};
			name = Debug;
		};
		03B666D01EC8D17900082A36 /* Release */ = {
			isa = XCBuildConfiguration;
			baseConfigurationReference = E2058C304A209C7AFA9893DC /* Pods-Gigigo-YouTubeTests.release.xcconfig */;
			buildSettings = {
				ALWAYS_EMBED_SWIFT_STANDARD_LIBRARIES = YES;
				BUNDLE_LOADER = "$(TEST_HOST)";
				INFOPLIST_FILE = "Gigigo-YouTubeTests/Info.plist";
				LD_RUNPATH_SEARCH_PATHS = "$(inherited) @executable_path/Frameworks @loader_path/Frameworks";
				PRODUCT_BUNDLE_IDENTIFIER = "bienemann.me.Gigigo-YouTubeTests";
				PRODUCT_NAME = "$(TARGET_NAME)";
				SWIFT_VERSION = 3.0;
				TEST_HOST = "$(BUILT_PRODUCTS_DIR)/Gigigo-YouTube.app/Gigigo-YouTube";
			};
			name = Release;
		};
/* End XCBuildConfiguration section */

/* Begin XCConfigurationList section */
		03B666A91EC8D17500082A36 /* Build configuration list for PBXProject "Gigigo-YouTube" */ = {
			isa = XCConfigurationList;
			buildConfigurations = (
				03B666C91EC8D17900082A36 /* Debug */,
				03B666CA1EC8D17900082A36 /* Release */,
			);
			defaultConfigurationIsVisible = 0;
			defaultConfigurationName = Release;
		};
		03B666CB1EC8D17900082A36 /* Build configuration list for PBXNativeTarget "Gigigo-YouTube" */ = {
			isa = XCConfigurationList;
			buildConfigurations = (
				03B666CC1EC8D17900082A36 /* Debug */,
				03B666CD1EC8D17900082A36 /* Release */,
			);
			defaultConfigurationIsVisible = 0;
			defaultConfigurationName = Release;
		};
		03B666CE1EC8D17900082A36 /* Build configuration list for PBXNativeTarget "Gigigo-YouTubeTests" */ = {
			isa = XCConfigurationList;
			buildConfigurations = (
				03B666CF1EC8D17900082A36 /* Debug */,
				03B666D01EC8D17900082A36 /* Release */,
			);
			defaultConfigurationIsVisible = 0;
			defaultConfigurationName = Release;
		};
/* End XCConfigurationList section */
	};
	rootObject = 03B666A61EC8D17500082A36 /* Project object */;
}
